
Microsoft Visual Studio Solution File, Format Version 12.00
# Visual Studio Version 17
VisualStudioVersion = 17.8.34511.84
MinimumVisualStudioVersion = 10.0.40219.1
Project("{FAE04EC0-301F-11D3-BF4B-00C04F79EFBC}") = "TestDrivenHotel.UI", "TestDrivenHotel.UI\TestDrivenHotel.UI.csproj", "{6CD20207-AD6F-41AC-84AA-B47534F53892}"
	ProjectSection(ProjectDependencies) = postProject
		{B85A5D8C-3021-4046-8678-235F2156F78F} = {B85A5D8C-3021-4046-8678-235F2156F78F}
	EndProjectSection
EndProject
Project("{FAE04EC0-301F-11D3-BF4B-00C04F79EFBC}") = "TestDrivenHotel.BLL", "TestDrivenHotel.BLL\TestDrivenHotel.BLL.csproj", "{B85A5D8C-3021-4046-8678-235F2156F78F}"
EndProject
Global
	GlobalSection(SolutionConfigurationPlatforms) = preSolution
		Debug|Any CPU = Debug|Any CPU
		Release|Any CPU = Release|Any CPU
	EndGlobalSection
	GlobalSection(ProjectConfigurationPlatforms) = postSolution
		{6CD20207-AD6F-41AC-84AA-B47534F53892}.Debug|Any CPU.ActiveCfg = Debug|Any CPU
		{6CD20207-AD6F-41AC-84AA-B47534F53892}.Debug|Any CPU.Build.0 = Debug|Any CPU
		{6CD20207-AD6F-41AC-84AA-B47534F53892}.Release|Any CPU.ActiveCfg = Release|Any CPU
		{6CD20207-AD6F-41AC-84AA-B47534F53892}.Release|Any CPU.Build.0 = Release|Any CPU
		{B85A5D8C-3021-4046-8678-235F2156F78F}.Debug|Any CPU.ActiveCfg = Debug|Any CPU
		{B85A5D8C-3021-4046-8678-235F2156F78F}.Debug|Any CPU.Build.0 = Debug|Any CPU
		{B85A5D8C-3021-4046-8678-235F2156F78F}.Release|Any CPU.ActiveCfg = Release|Any CPU
		{B85A5D8C-3021-4046-8678-235F2156F78F}.Release|Any CPU.Build.0 = Release|Any CPU
	EndGlobalSection
	GlobalSection(SolutionProperties) = preSolution
		HideSolutionNode = FALSE
	EndGlobalSection
	GlobalSection(ExtensibilityGlobals) = postSolution
		SolutionGuid = {8C41D99E-91CC-40E4-BE75-8208F3B76782}
	EndGlobalSection
EndGlobal
